// !$*UTF8*$!
{
	archiveVersion = 1;
	classes = {
	};
	objectVersion = 50;
	objects = {

/* Begin PBXBuildFile section */
		DF3E406523FD15E0003AB882 /* NewsCell.xib in Resources */ = {isa = PBXBuildFile; fileRef = DF3E406423FD15E0003AB882 /* NewsCell.xib */; };
		DF3E406723FD1643003AB882 /* NewsCell.swift in Sources */ = {isa = PBXBuildFile; fileRef = DF3E406623FD1643003AB882 /* NewsCell.swift */; };
		DF3E406A23FD203B003AB882 /* NewsController.swift in Sources */ = {isa = PBXBuildFile; fileRef = DF3E406923FD203B003AB882 /* NewsController.swift */; };
		DF3E406C23FD2288003AB882 /* ContentData.swift in Sources */ = {isa = PBXBuildFile; fileRef = DF3E406B23FD2288003AB882 /* ContentData.swift */; };
		DF51DD4624066E480092C11D /* AllFriendsImagesController.swift in Sources */ = {isa = PBXBuildFile; fileRef = DF51DD4524066E480092C11D /* AllFriendsImagesController.swift */; };
		DF51DD48240686DF0092C11D /* FullScreenImageView.swift in Sources */ = {isa = PBXBuildFile; fileRef = DF51DD47240686DF0092C11D /* FullScreenImageView.swift */; };
		DFA5E7D923F065C70032D2BF /* UserGroupController.swift in Sources */ = {isa = PBXBuildFile; fileRef = DFA5E7D823F065C70032D2BF /* UserGroupController.swift */; };
		DFA5E7DB23F066010032D2BF /* SearchGroupController.swift in Sources */ = {isa = PBXBuildFile; fileRef = DFA5E7DA23F066010032D2BF /* SearchGroupController.swift */; };
		DFA5E7DD23F0663A0032D2BF /* FriendsImagesController.swift in Sources */ = {isa = PBXBuildFile; fileRef = DFA5E7DC23F0663A0032D2BF /* FriendsImagesController.swift */; };
		DFA5E7E323F069F60032D2BF /* UserGroupCell.swift in Sources */ = {isa = PBXBuildFile; fileRef = DFA5E7E223F069F60032D2BF /* UserGroupCell.swift */; };
		DFA5E7E523F06A100032D2BF /* SearchGroupCell.swift in Sources */ = {isa = PBXBuildFile; fileRef = DFA5E7E423F06A100032D2BF /* SearchGroupCell.swift */; };
		DFA64E1023EE878A00304BAD /* LoginFormController.swift in Sources */ = {isa = PBXBuildFile; fileRef = DFA64E0F23EE878A00304BAD /* LoginFormController.swift */; };
		DFA841E123F6814B00247396 /* FooterFriendImagesView.swift in Sources */ = {isa = PBXBuildFile; fileRef = DFA841E023F6814B00247396 /* FooterFriendImagesView.swift */; };
		DFAC200123F1429B00A1891A /* FriendImagesCell.swift in Sources */ = {isa = PBXBuildFile; fileRef = DFAC200023F1429B00A1891A /* FriendImagesCell.swift */; };
		DFAD080E23F0164A0057964B /* FriendsController.swift in Sources */ = {isa = PBXBuildFile; fileRef = DFAD080D23F0164A0057964B /* FriendsController.swift */; };
		DFAD081123F016B00057964B /* FriendCell.swift in Sources */ = {isa = PBXBuildFile; fileRef = DFAD081023F016B00057964B /* FriendCell.swift */; };
		DFAD081423F017630057964B /* DataModel.swift in Sources */ = {isa = PBXBuildFile; fileRef = DFAD081323F017630057964B /* DataModel.swift */; };
		DFAD877D2403AA7C00E03708 /* LoadingView.swift in Sources */ = {isa = PBXBuildFile; fileRef = DFAD877C2403AA7C00E03708 /* LoadingView.swift */; };
		DFAD877F2403B2A800E03708 /* MessageController.swift in Sources */ = {isa = PBXBuildFile; fileRef = DFAD877E2403B2A800E03708 /* MessageController.swift */; };
		DFB467A823F28DA600F274AC /* GradientView.swift in Sources */ = {isa = PBXBuildFile; fileRef = DFB467A723F28DA600F274AC /* GradientView.swift */; };
		DFB4D22C23EDA61D0025359F /* AppDelegate.swift in Sources */ = {isa = PBXBuildFile; fileRef = DFB4D22B23EDA61D0025359F /* AppDelegate.swift */; };
		DFB4D22E23EDA61D0025359F /* SceneDelegate.swift in Sources */ = {isa = PBXBuildFile; fileRef = DFB4D22D23EDA61D0025359F /* SceneDelegate.swift */; };
		DFB4D23323EDA61D0025359F /* Main.storyboard in Resources */ = {isa = PBXBuildFile; fileRef = DFB4D23123EDA61D0025359F /* Main.storyboard */; };
		DFB4D23523EDA61F0025359F /* Assets.xcassets in Resources */ = {isa = PBXBuildFile; fileRef = DFB4D23423EDA61F0025359F /* Assets.xcassets */; };
		DFB4D23823EDA61F0025359F /* LaunchScreen.storyboard in Resources */ = {isa = PBXBuildFile; fileRef = DFB4D23623EDA61F0025359F /* LaunchScreen.storyboard */; };
		DFB50F2523F535490086CAA2 /* LikeButton.swift in Sources */ = {isa = PBXBuildFile; fileRef = DFB50F2423F535490086CAA2 /* LikeButton.swift */; };
		DFB50F2723F53F2B0086CAA2 /* ShadowView.swift in Sources */ = {isa = PBXBuildFile; fileRef = DFB50F2623F53F2B0086CAA2 /* ShadowView.swift */; };
/* End PBXBuildFile section */

/* Begin PBXFileReference section */
		DF3E406423FD15E0003AB882 /* NewsCell.xib */ = {isa = PBXFileReference; lastKnownFileType = file.xib; path = NewsCell.xib; sourceTree = "<group>"; };
		DF3E406623FD1643003AB882 /* NewsCell.swift */ = {isa = PBXFileReference; lastKnownFileType = sourcecode.swift; path = NewsCell.swift; sourceTree = "<group>"; };
		DF3E406923FD203B003AB882 /* NewsController.swift */ = {isa = PBXFileReference; lastKnownFileType = sourcecode.swift; path = NewsController.swift; sourceTree = "<group>"; };
		DF3E406B23FD2288003AB882 /* ContentData.swift */ = {isa = PBXFileReference; lastKnownFileType = sourcecode.swift; path = ContentData.swift; sourceTree = "<group>"; };
		DF51DD4524066E480092C11D /* AllFriendsImagesController.swift */ = {isa = PBXFileReference; lastKnownFileType = sourcecode.swift; path = AllFriendsImagesController.swift; sourceTree = "<group>"; };
		DF51DD47240686DF0092C11D /* FullScreenImageView.swift */ = {isa = PBXFileReference; lastKnownFileType = sourcecode.swift; path = FullScreenImageView.swift; sourceTree = "<group>"; };
		DFA5E7D823F065C70032D2BF /* UserGroupController.swift */ = {isa = PBXFileReference; lastKnownFileType = sourcecode.swift; path = UserGroupController.swift; sourceTree = "<group>"; };
		DFA5E7DA23F066010032D2BF /* SearchGroupController.swift */ = {isa = PBXFileReference; lastKnownFileType = sourcecode.swift; path = SearchGroupController.swift; sourceTree = "<group>"; };
		DFA5E7DC23F0663A0032D2BF /* FriendsImagesController.swift */ = {isa = PBXFileReference; lastKnownFileType = sourcecode.swift; path = FriendsImagesController.swift; sourceTree = "<group>"; };
		DFA5E7E223F069F60032D2BF /* UserGroupCell.swift */ = {isa = PBXFileReference; lastKnownFileType = sourcecode.swift; path = UserGroupCell.swift; sourceTree = "<group>"; };
		DFA5E7E423F06A100032D2BF /* SearchGroupCell.swift */ = {isa = PBXFileReference; lastKnownFileType = sourcecode.swift; path = SearchGroupCell.swift; sourceTree = "<group>"; };
		DFA64E0F23EE878A00304BAD /* LoginFormController.swift */ = {isa = PBXFileReference; lastKnownFileType = sourcecode.swift; path = LoginFormController.swift; sourceTree = "<group>"; };
		DFA841E023F6814B00247396 /* FooterFriendImagesView.swift */ = {isa = PBXFileReference; lastKnownFileType = sourcecode.swift; path = FooterFriendImagesView.swift; sourceTree = "<group>"; };
		DFAC200023F1429B00A1891A /* FriendImagesCell.swift */ = {isa = PBXFileReference; lastKnownFileType = sourcecode.swift; path = FriendImagesCell.swift; sourceTree = "<group>"; };
		DFAD080D23F0164A0057964B /* FriendsController.swift */ = {isa = PBXFileReference; lastKnownFileType = sourcecode.swift; path = FriendsController.swift; sourceTree = "<group>"; };
		DFAD081023F016B00057964B /* FriendCell.swift */ = {isa = PBXFileReference; lastKnownFileType = sourcecode.swift; path = FriendCell.swift; sourceTree = "<group>"; };
		DFAD081323F017630057964B /* DataModel.swift */ = {isa = PBXFileReference; lastKnownFileType = sourcecode.swift; path = DataModel.swift; sourceTree = "<group>"; };
		DFAD877C2403AA7C00E03708 /* LoadingView.swift */ = {isa = PBXFileReference; lastKnownFileType = sourcecode.swift; path = LoadingView.swift; sourceTree = "<group>"; };
		DFAD877E2403B2A800E03708 /* MessageController.swift */ = {isa = PBXFileReference; lastKnownFileType = sourcecode.swift; path = MessageController.swift; sourceTree = "<group>"; };
		DFB467A723F28DA600F274AC /* GradientView.swift */ = {isa = PBXFileReference; lastKnownFileType = sourcecode.swift; path = GradientView.swift; sourceTree = "<group>"; };
		DFB4D22823EDA61D0025359F /* MakeVKGreatAgain.app */ = {isa = PBXFileReference; explicitFileType = wrapper.application; includeInIndex = 0; path = MakeVKGreatAgain.app; sourceTree = BUILT_PRODUCTS_DIR; };
		DFB4D22B23EDA61D0025359F /* AppDelegate.swift */ = {isa = PBXFileReference; lastKnownFileType = sourcecode.swift; path = AppDelegate.swift; sourceTree = "<group>"; };
		DFB4D22D23EDA61D0025359F /* SceneDelegate.swift */ = {isa = PBXFileReference; lastKnownFileType = sourcecode.swift; path = SceneDelegate.swift; sourceTree = "<group>"; };
		DFB4D23223EDA61D0025359F /* Base */ = {isa = PBXFileReference; lastKnownFileType = file.storyboard; name = Base; path = Base.lproj/Main.storyboard; sourceTree = "<group>"; };
		DFB4D23423EDA61F0025359F /* Assets.xcassets */ = {isa = PBXFileReference; lastKnownFileType = folder.assetcatalog; path = Assets.xcassets; sourceTree = "<group>"; };
		DFB4D23723EDA61F0025359F /* Base */ = {isa = PBXFileReference; lastKnownFileType = file.storyboard; name = Base; path = Base.lproj/LaunchScreen.storyboard; sourceTree = "<group>"; };
		DFB4D23923EDA61F0025359F /* Info.plist */ = {isa = PBXFileReference; lastKnownFileType = text.plist.xml; path = Info.plist; sourceTree = "<group>"; };
		DFB50F2423F535490086CAA2 /* LikeButton.swift */ = {isa = PBXFileReference; lastKnownFileType = sourcecode.swift; path = LikeButton.swift; sourceTree = "<group>"; };
		DFB50F2623F53F2B0086CAA2 /* ShadowView.swift */ = {isa = PBXFileReference; lastKnownFileType = sourcecode.swift; path = ShadowView.swift; sourceTree = "<group>"; };
/* End PBXFileReference section */

/* Begin PBXFrameworksBuildPhase section */
		DFB4D22523EDA61D0025359F /* Frameworks */ = {
			isa = PBXFrameworksBuildPhase;
			buildActionMask = 2147483647;
			files = (
			);
			runOnlyForDeploymentPostprocessing = 0;
		};
/* End PBXFrameworksBuildPhase section */

/* Begin PBXGroup section */
		DF3E406823FD1656003AB882 /* CastomCellXib */ = {
			isa = PBXGroup;
			children = (
				DF3E406423FD15E0003AB882 /* NewsCell.xib */,
			);
			path = CastomCellXib;
			sourceTree = "<group>";
		};
		DFAD080A23F0125A0057964B /* Controller */ = {
			isa = PBXGroup;
			children = (
				DFA64E0F23EE878A00304BAD /* LoginFormController.swift */,
				DFAD080D23F0164A0057964B /* FriendsController.swift */,
				DFA5E7DC23F0663A0032D2BF /* FriendsImagesController.swift */,
				DF51DD4524066E480092C11D /* AllFriendsImagesController.swift */,
				DFA5E7D823F065C70032D2BF /* UserGroupController.swift */,
				DFA5E7DA23F066010032D2BF /* SearchGroupController.swift */,
				DF3E406923FD203B003AB882 /* NewsController.swift */,
				DFAD877E2403B2A800E03708 /* MessageController.swift */,
			);
			path = Controller;
			sourceTree = "<group>";
		};
		DFAD080B23F0127A0057964B /* Assets */ = {
			isa = PBXGroup;
			children = (
				DFB4D23123EDA61D0025359F /* Main.storyboard */,
				DFB4D23423EDA61F0025359F /* Assets.xcassets */,
				DFB4D23623EDA61F0025359F /* LaunchScreen.storyboard */,
			);
			path = Assets;
			sourceTree = "<group>";
		};
		DFAD080C23F015D70057964B /* Cell */ = {
			isa = PBXGroup;
			children = (
				DFAD081023F016B00057964B /* FriendCell.swift */,
				DFAC200023F1429B00A1891A /* FriendImagesCell.swift */,
				DFA5E7E223F069F60032D2BF /* UserGroupCell.swift */,
				DFA5E7E423F06A100032D2BF /* SearchGroupCell.swift */,
				DFA841E023F6814B00247396 /* FooterFriendImagesView.swift */,
				DF3E406623FD1643003AB882 /* NewsCell.swift */,
			);
			path = Cell;
			sourceTree = "<group>";
		};
		DFAD081223F017460057964B /* Model */ = {
			isa = PBXGroup;
			children = (
				DFAD081323F017630057964B /* DataModel.swift */,
				DF3E406B23FD2288003AB882 /* ContentData.swift */,
			);
			path = Model;
			sourceTree = "<group>";
		};
		DFB467A923F28E7100F274AC /* CastomView */ = {
			isa = PBXGroup;
			children = (
				DFAD877C2403AA7C00E03708 /* LoadingView.swift */,
				DFB467A723F28DA600F274AC /* GradientView.swift */,
				DFB50F2623F53F2B0086CAA2 /* ShadowView.swift */,
				DF51DD47240686DF0092C11D /* FullScreenImageView.swift */,
			);
			path = CastomView;
			sourceTree = "<group>";
		};
		DFB4D21F23EDA61D0025359F = {
			isa = PBXGroup;
			children = (
				DFB4D22A23EDA61D0025359F /* MakeVKGreatAgain */,
				DFB4D22923EDA61D0025359F /* Products */,
			);
			sourceTree = "<group>";
		};
		DFB4D22923EDA61D0025359F /* Products */ = {
			isa = PBXGroup;
			children = (
				DFB4D22823EDA61D0025359F /* MakeVKGreatAgain.app */,
			);
			name = Products;
			sourceTree = "<group>";
		};
		DFB4D22A23EDA61D0025359F /* MakeVKGreatAgain */ = {
			isa = PBXGroup;
			children = (
				DFB4D22B23EDA61D0025359F /* AppDelegate.swift */,
				DFB4D22D23EDA61D0025359F /* SceneDelegate.swift */,
				DFB50F2323F534FE0086CAA2 /* CastomControl */,
				DFB467A923F28E7100F274AC /* CastomView */,
				DFAD081223F017460057964B /* Model */,
				DFAD080A23F0125A0057964B /* Controller */,
				DFAD080C23F015D70057964B /* Cell */,
				DF3E406823FD1656003AB882 /* CastomCellXib */,
				DFAD080B23F0127A0057964B /* Assets */,
				DFB4D23923EDA61F0025359F /* Info.plist */,
			);
			path = MakeVKGreatAgain;
			sourceTree = "<group>";
		};
		DFB50F2323F534FE0086CAA2 /* CastomControl */ = {
			isa = PBXGroup;
			children = (
				DFB50F2423F535490086CAA2 /* LikeButton.swift */,
			);
			path = CastomControl;
			sourceTree = "<group>";
		};
/* End PBXGroup section */

/* Begin PBXNativeTarget section */
		DFB4D22723EDA61D0025359F /* MakeVKGreatAgain */ = {
			isa = PBXNativeTarget;
			buildConfigurationList = DFB4D23C23EDA61F0025359F /* Build configuration list for PBXNativeTarget "MakeVKGreatAgain" */;
			buildPhases = (
				DFB4D22423EDA61D0025359F /* Sources */,
				DFB4D22523EDA61D0025359F /* Frameworks */,
				DFB4D22623EDA61D0025359F /* Resources */,
			);
			buildRules = (
			);
			dependencies = (
			);
			name = MakeVKGreatAgain;
			productName = MakeVKGreatAgain;
			productReference = DFB4D22823EDA61D0025359F /* MakeVKGreatAgain.app */;
			productType = "com.apple.product-type.application";
		};
/* End PBXNativeTarget section */

/* Begin PBXProject section */
		DFB4D22023EDA61D0025359F /* Project object */ = {
			isa = PBXProject;
			attributes = {
				LastSwiftUpdateCheck = 1130;
				LastUpgradeCheck = 1130;
				ORGANIZATIONNAME = n.perezhogin;
				TargetAttributes = {
					DFB4D22723EDA61D0025359F = {
						CreatedOnToolsVersion = 11.3.1;
					};
				};
			};
			buildConfigurationList = DFB4D22323EDA61D0025359F /* Build configuration list for PBXProject "MakeVKGreatAgain" */;
			compatibilityVersion = "Xcode 9.3";
			developmentRegion = en;
			hasScannedForEncodings = 0;
			knownRegions = (
				en,
				Base,
			);
			mainGroup = DFB4D21F23EDA61D0025359F;
			productRefGroup = DFB4D22923EDA61D0025359F /* Products */;
			projectDirPath = "";
			projectRoot = "";
			targets = (
				DFB4D22723EDA61D0025359F /* MakeVKGreatAgain */,
			);
		};
/* End PBXProject section */

/* Begin PBXResourcesBuildPhase section */
		DFB4D22623EDA61D0025359F /* Resources */ = {
			isa = PBXResourcesBuildPhase;
			buildActionMask = 2147483647;
			files = (
				DFB4D23823EDA61F0025359F /* LaunchScreen.storyboard in Resources */,
				DFB4D23523EDA61F0025359F /* Assets.xcassets in Resources */,
				DF3E406523FD15E0003AB882 /* NewsCell.xib in Resources */,
				DFB4D23323EDA61D0025359F /* Main.storyboard in Resources */,
			);
			runOnlyForDeploymentPostprocessing = 0;
		};
/* End PBXResourcesBuildPhase section */

/* Begin PBXSourcesBuildPhase section */
		DFB4D22423EDA61D0025359F /* Sources */ = {
			isa = PBXSourcesBuildPhase;
			buildActionMask = 2147483647;
			files = (
				DF51DD4624066E480092C11D /* AllFriendsImagesController.swift in Sources */,
				DFA64E1023EE878A00304BAD /* LoginFormController.swift in Sources */,
				DFAD080E23F0164A0057964B /* FriendsController.swift in Sources */,
				DFA5E7DD23F0663A0032D2BF /* FriendsImagesController.swift in Sources */,
				DF3E406C23FD2288003AB882 /* ContentData.swift in Sources */,
				DFB4D22C23EDA61D0025359F /* AppDelegate.swift in Sources */,
				DFA5E7D923F065C70032D2BF /* UserGroupController.swift in Sources */,
				DFB4D22E23EDA61D0025359F /* SceneDelegate.swift in Sources */,
				DF3E406A23FD203B003AB882 /* NewsController.swift in Sources */,
				DFA5E7DB23F066010032D2BF /* SearchGroupController.swift in Sources */,
				DFB50F2523F535490086CAA2 /* LikeButton.swift in Sources */,
				DFA5E7E323F069F60032D2BF /* UserGroupCell.swift in Sources */,
				DF51DD48240686DF0092C11D /* FullScreenImageView.swift in Sources */,
				DFB50F2723F53F2B0086CAA2 /* ShadowView.swift in Sources */,
				DFAD081123F016B00057964B /* FriendCell.swift in Sources */,
				DFAD877D2403AA7C00E03708 /* LoadingView.swift in Sources */,
				DFA5E7E523F06A100032D2BF /* SearchGroupCell.swift in Sources */,
				DFB467A823F28DA600F274AC /* GradientView.swift in Sources */,
				DFAD877F2403B2A800E03708 /* MessageController.swift in Sources */,
				DF3E406723FD1643003AB882 /* NewsCell.swift in Sources */,
				DFAD081423F017630057964B /* DataModel.swift in Sources */,
				DFAC200123F1429B00A1891A /* FriendImagesCell.swift in Sources */,
				DFA841E123F6814B00247396 /* FooterFriendImagesView.swift in Sources */,
			);
			runOnlyForDeploymentPostprocessing = 0;
		};
/* End PBXSourcesBuildPhase section */

/* Begin PBXVariantGroup section */
		DFB4D23123EDA61D0025359F /* Main.storyboard */ = {
			isa = PBXVariantGroup;
			children = (
				DFB4D23223EDA61D0025359F /* Base */,
			);
			name = Main.storyboard;
			sourceTree = "<group>";
		};
		DFB4D23623EDA61F0025359F /* LaunchScreen.storyboard */ = {
			isa = PBXVariantGroup;
			children = (
				DFB4D23723EDA61F0025359F /* Base */,
			);
			name = LaunchScreen.storyboard;
			sourceTree = "<group>";
		};
/* End PBXVariantGroup section */

/* Begin XCBuildConfiguration section */
		DFB4D23A23EDA61F0025359F /* Debug */ = {
			isa = XCBuildConfiguration;
			buildSettings = {
				ALWAYS_SEARCH_USER_PATHS = NO;
				CLANG_ANALYZER_NONNULL = YES;
				CLANG_ANALYZER_NUMBER_OBJECT_CONVERSION = YES_AGGRESSIVE;
				CLANG_CXX_LANGUAGE_STANDARD = "gnu++14";
				CLANG_CXX_LIBRARY = "libc++";
				CLANG_ENABLE_MODULES = YES;
				CLANG_ENABLE_OBJC_ARC = YES;
				CLANG_ENABLE_OBJC_WEAK = YES;
				CLANG_WARN_BLOCK_CAPTURE_AUTORELEASING = YES;
				CLANG_WARN_BOOL_CONVERSION = YES;
				CLANG_WARN_COMMA = YES;
				CLANG_WARN_CONSTANT_CONVERSION = YES;
				CLANG_WARN_DEPRECATED_OBJC_IMPLEMENTATIONS = YES;
				CLANG_WARN_DIRECT_OBJC_ISA_USAGE = YES_ERROR;
				CLANG_WARN_DOCUMENTATION_COMMENTS = YES;
				CLANG_WARN_EMPTY_BODY = YES;
				CLANG_WARN_ENUM_CONVERSION = YES;
				CLANG_WARN_INFINITE_RECURSION = YES;
				CLANG_WARN_INT_CONVERSION = YES;
				CLANG_WARN_NON_LITERAL_NULL_CONVERSION = YES;
				CLANG_WARN_OBJC_IMPLICIT_RETAIN_SELF = YES;
				CLANG_WARN_OBJC_LITERAL_CONVERSION = YES;
				CLANG_WARN_OBJC_ROOT_CLASS = YES_ERROR;
				CLANG_WARN_RANGE_LOOP_ANALYSIS = YES;
				CLANG_WARN_STRICT_PROTOTYPES = YES;
				CLANG_WARN_SUSPICIOUS_MOVE = YES;
				CLANG_WARN_UNGUARDED_AVAILABILITY = YES_AGGRESSIVE;
				CLANG_WARN_UNREACHABLE_CODE = YES;
				CLANG_WARN__DUPLICATE_METHOD_MATCH = YES;
				COPY_PHASE_STRIP = NO;
				DEBUG_INFORMATION_FORMAT = dwarf;
				ENABLE_STRICT_OBJC_MSGSEND = YES;
				ENABLE_TESTABILITY = YES;
				GCC_C_LANGUAGE_STANDARD = gnu11;
				GCC_DYNAMIC_NO_PIC = NO;
				GCC_NO_COMMON_BLOCKS = YES;
				GCC_OPTIMIZATION_LEVEL = 0;
				GCC_PREPROCESSOR_DEFINITIONS = (
					"DEBUG=1",
					"$(inherited)",
				);
				GCC_WARN_64_TO_32_BIT_CONVERSION = YES;
				GCC_WARN_ABOUT_RETURN_TYPE = YES_ERROR;
				GCC_WARN_UNDECLARED_SELECTOR = YES;
				GCC_WARN_UNINITIALIZED_AUTOS = YES_AGGRESSIVE;
				GCC_WARN_UNUSED_FUNCTION = YES;
				GCC_WARN_UNUSED_VARIABLE = YES;
				IPHONEOS_DEPLOYMENT_TARGET = 13.2;
				MTL_ENABLE_DEBUG_INFO = INCLUDE_SOURCE;
				MTL_FAST_MATH = YES;
				ONLY_ACTIVE_ARCH = YES;
				SDKROOT = iphoneos;
				SWIFT_ACTIVE_COMPILATION_CONDITIONS = DEBUG;
				SWIFT_OPTIMIZATION_LEVEL = "-Onone";
			};
			name = Debug;
		};
		DFB4D23B23EDA61F0025359F /* Release */ = {
			isa = XCBuildConfiguration;
			buildSettings = {
				ALWAYS_SEARCH_USER_PATHS = NO;
				CLANG_ANALYZER_NONNULL = YES;
				CLANG_ANALYZER_NUMBER_OBJECT_CONVERSION = YES_AGGRESSIVE;
				CLANG_CXX_LANGUAGE_STANDARD = "gnu++14";
				CLANG_CXX_LIBRARY = "libc++";
				CLANG_ENABLE_MODULES = YES;
				CLANG_ENABLE_OBJC_ARC = YES;
				CLANG_ENABLE_OBJC_WEAK = YES;
				CLANG_WARN_BLOCK_CAPTURE_AUTORELEASING = YES;
				CLANG_WARN_BOOL_CONVERSION = YES;
				CLANG_WARN_COMMA = YES;
				CLANG_WARN_CONSTANT_CONVERSION = YES;
				CLANG_WARN_DEPRECATED_OBJC_IMPLEMENTATIONS = YES;
				CLANG_WARN_DIRECT_OBJC_ISA_USAGE = YES_ERROR;
				CLANG_WARN_DOCUMENTATION_COMMENTS = YES;
				CLANG_WARN_EMPTY_BODY = YES;
				CLANG_WARN_ENUM_CONVERSION = YES;
				CLANG_WARN_INFINITE_RECURSION = YES;
				CLANG_WARN_INT_CONVERSION = YES;
				CLANG_WARN_NON_LITERAL_NULL_CONVERSION = YES;
				CLANG_WARN_OBJC_IMPLICIT_RETAIN_SELF = YES;
				CLANG_WARN_OBJC_LITERAL_CONVERSION = YES;
				CLANG_WARN_OBJC_ROOT_CLASS = YES_ERROR;
				CLANG_WARN_RANGE_LOOP_ANALYSIS = YES;
				CLANG_WARN_STRICT_PROTOTYPES = YES;
				CLANG_WARN_SUSPICIOUS_MOVE = YES;
				CLANG_WARN_UNGUARDED_AVAILABILITY = YES_AGGRESSIVE;
				CLANG_WARN_UNREACHABLE_CODE = YES;
				CLANG_WARN__DUPLICATE_METHOD_MATCH = YES;
				COPY_PHASE_STRIP = NO;
				DEBUG_INFORMATION_FORMAT = "dwarf-with-dsym";
				ENABLE_NS_ASSERTIONS = NO;
				ENABLE_STRICT_OBJC_MSGSEND = YES;
				GCC_C_LANGUAGE_STANDARD = gnu11;
				GCC_NO_COMMON_BLOCKS = YES;
				GCC_WARN_64_TO_32_BIT_CONVERSION = YES;
				GCC_WARN_ABOUT_RETURN_TYPE = YES_ERROR;
				GCC_WARN_UNDECLARED_SELECTOR = YES;
				GCC_WARN_UNINITIALIZED_AUTOS = YES_AGGRESSIVE;
				GCC_WARN_UNUSED_FUNCTION = YES;
				GCC_WARN_UNUSED_VARIABLE = YES;
				IPHONEOS_DEPLOYMENT_TARGET = 13.2;
				MTL_ENABLE_DEBUG_INFO = NO;
				MTL_FAST_MATH = YES;
				SDKROOT = iphoneos;
				SWIFT_COMPILATION_MODE = wholemodule;
				SWIFT_OPTIMIZATION_LEVEL = "-O";
				VALIDATE_PRODUCT = YES;
			};
			name = Release;
		};
		DFB4D23D23EDA61F0025359F /* Debug */ = {
			isa = XCBuildConfiguration;
			buildSettings = {
				ASSETCATALOG_COMPILER_APPICON_NAME = AppIcon;
				CODE_SIGN_STYLE = Automatic;
				DEVELOPMENT_TEAM = L2XU233WA6;
				INFOPLIST_FILE = MakeVKGreatAgain/Info.plist;
				LD_RUNPATH_SEARCH_PATHS = (
					"$(inherited)",
					"@executable_path/Frameworks",
				);
				PRODUCT_BUNDLE_IDENTIFIER = n.perezhogin.MakeVKGreatAgain;
				PRODUCT_NAME = "$(TARGET_NAME)";
				SWIFT_VERSION = 5.0;
				TARGETED_DEVICE_FAMILY = "1,2";
			};
			name = Debug;
		};
		DFB4D23E23EDA61F0025359F /* Release */ = {
			isa = XCBuildConfiguration;
			buildSettings = {
				ASSETCATALOG_COMPILER_APPICON_NAME = AppIcon;
				CODE_SIGN_STYLE = Automatic;
				DEVELOPMENT_TEAM = L2XU233WA6;
				INFOPLIST_FILE = MakeVKGreatAgain/Info.plist;
				LD_RUNPATH_SEARCH_PATHS = (
					"$(inherited)",
					"@executable_path/Frameworks",
				);
				PRODUCT_BUNDLE_IDENTIFIER = n.perezhogin.MakeVKGreatAgain;
				PRODUCT_NAME = "$(TARGET_NAME)";
				SWIFT_VERSION = 5.0;
				TARGETED_DEVICE_FAMILY = "1,2";
			};
			name = Release;
		};
/* End XCBuildConfiguration section */

/* Begin XCConfigurationList section */
		DFB4D22323EDA61D0025359F /* Build configuration list for PBXProject "MakeVKGreatAgain" */ = {
			isa = XCConfigurationList;
			buildConfigurations = (
				DFB4D23A23EDA61F0025359F /* Debug */,
				DFB4D23B23EDA61F0025359F /* Release */,
			);
			defaultConfigurationIsVisible = 0;
			defaultConfigurationName = Release;
		};
		DFB4D23C23EDA61F0025359F /* Build configuration list for PBXNativeTarget "MakeVKGreatAgain" */ = {
			isa = XCConfigurationList;
			buildConfigurations = (
				DFB4D23D23EDA61F0025359F /* Debug */,
				DFB4D23E23EDA61F0025359F /* Release */,
			);
			defaultConfigurationIsVisible = 0;
			defaultConfigurationName = Release;
		};
/* End XCConfigurationList section */
	};
	rootObject = DFB4D22023EDA61D0025359F /* Project object */;
}
